
Microsoft Visual Studio Solution File, Format Version 12.00
# Visual Studio Version 17
VisualStudioVersion = 17.2.32616.157
MinimumVisualStudioVersion = 10.0.40219.1
Project("{9A19103F-16F7-4668-BE54-9A1E7A4F7556}") = "JogoDaVelha.Api", "JogoDaVelha.Api\JogoDaVelha.Api.csproj", "{D1360922-8720-427E-AF58-5D019690B3EF}"
EndProject
Project("{9A19103F-16F7-4668-BE54-9A1E7A4F7556}") = "JogoDaVelha.Repositorio", "JogoDaVelha.Repositorio\JogoDaVelha.Repositorio.csproj", "{3EA6F870-E6C6-428B-B3A0-E0D729439968}"
EndProject
Project("{9A19103F-16F7-4668-BE54-9A1E7A4F7556}") = "JogoDaVelha.Dominio", "JogoDaVelha.Dominio\JogoDaVelha.Dominio.csproj", "{8F8B6961-3DA8-42E9-BB95-77CBD29DFBB0}"
EndProject
Project("{9A19103F-16F7-4668-BE54-9A1E7A4F7556}") = "JogoDaVelha.Biblioteca", "JogoDaVelha.Biblioteca\JogoDaVelha.Biblioteca.csproj", "{FA63D0F9-9EA7-47F6-9A09-AED95EAFF96B}"
EndProject
Project("{E53339B2-1760-4266-BCC7-CA923CBCF16C}") = "docker-compose", "docker-compose.dcproj", "{5446547F-CC02-49E2-8E30-13364C6B3E74}"
EndProject
Global
	GlobalSection(SolutionConfigurationPlatforms) = preSolution
		Debug|Any CPU = Debug|Any CPU
		Release|Any CPU = Release|Any CPU
	EndGlobalSection
	GlobalSection(ProjectConfigurationPlatforms) = postSolution
		{D1360922-8720-427E-AF58-5D019690B3EF}.Debug|Any CPU.ActiveCfg = Debug|Any CPU
		{D1360922-8720-427E-AF58-5D019690B3EF}.Debug|Any CPU.Build.0 = Debug|Any CPU
		{D1360922-8720-427E-AF58-5D019690B3EF}.Release|Any CPU.ActiveCfg = Release|Any CPU
		{D1360922-8720-427E-AF58-5D019690B3EF}.Release|Any CPU.Build.0 = Release|Any CPU
		{3EA6F870-E6C6-428B-B3A0-E0D729439968}.Debug|Any CPU.ActiveCfg = Debug|Any CPU
		{3EA6F870-E6C6-428B-B3A0-E0D729439968}.Debug|Any CPU.Build.0 = Debug|Any CPU
		{3EA6F870-E6C6-428B-B3A0-E0D729439968}.Release|Any CPU.ActiveCfg = Release|Any CPU
		{3EA6F870-E6C6-428B-B3A0-E0D729439968}.Release|Any CPU.Build.0 = Release|Any CPU
		{8F8B6961-3DA8-42E9-BB95-77CBD29DFBB0}.Debug|Any CPU.ActiveCfg = Debug|Any CPU
		{8F8B6961-3DA8-42E9-BB95-77CBD29DFBB0}.Debug|Any CPU.Build.0 = Debug|Any CPU
		{8F8B6961-3DA8-42E9-BB95-77CBD29DFBB0}.Release|Any CPU.ActiveCfg = Release|Any CPU
		{8F8B6961-3DA8-42E9-BB95-77CBD29DFBB0}.Release|Any CPU.Build.0 = Release|Any CPU
		{FA63D0F9-9EA7-47F6-9A09-AED95EAFF96B}.Debug|Any CPU.ActiveCfg = Debug|Any CPU
		{FA63D0F9-9EA7-47F6-9A09-AED95EAFF96B}.Debug|Any CPU.Build.0 = Debug|Any CPU
		{FA63D0F9-9EA7-47F6-9A09-AED95EAFF96B}.Release|Any CPU.ActiveCfg = Release|Any CPU
		{FA63D0F9-9EA7-47F6-9A09-AED95EAFF96B}.Release|Any CPU.Build.0 = Release|Any CPU
		{5446547F-CC02-49E2-8E30-13364C6B3E74}.Debug|Any CPU.ActiveCfg = Debug|Any CPU
		{5446547F-CC02-49E2-8E30-13364C6B3E74}.Debug|Any CPU.Build.0 = Debug|Any CPU
		{5446547F-CC02-49E2-8E30-13364C6B3E74}.Release|Any CPU.ActiveCfg = Release|Any CPU
		{5446547F-CC02-49E2-8E30-13364C6B3E74}.Release|Any CPU.Build.0 = Release|Any CPU
	EndGlobalSection
	GlobalSection(SolutionProperties) = preSolution
		HideSolutionNode = FALSE
	EndGlobalSection
	GlobalSection(ExtensibilityGlobals) = postSolution
		SolutionGuid = {2FAB0964-53B0-406B-8F54-1660A4ED29AF}
	EndGlobalSection
EndGlobal
